
Microsoft Visual Studio Solution File, Format Version 11.00
# Visual Studio 2010
Project("{FAE04EC0-301F-11D3-BF4B-00C04F79EFBC}") = "ContactManager.Web", "ContactManager.Web\ContactManager.Web.csproj", "{2F2B7F37-BB2F-4C1A-B2AF-5390C65A4B24}"
EndProject
Project("{FAE04EC0-301F-11D3-BF4B-00C04F79EFBC}") = "ContactManager.Tests", "ContactManager.Tests\ContactManager.Tests.csproj", "{127E05AC-05C2-4D9F-8926-487829C7D682}"
EndProject
Global
	GlobalSection(SolutionConfigurationPlatforms) = preSolution
		Debug|Any CPU = Debug|Any CPU
		Release|Any CPU = Release|Any CPU
	EndGlobalSection
	GlobalSection(ProjectConfigurationPlatforms) = postSolution
		{2F2B7F37-BB2F-4C1A-B2AF-5390C65A4B24}.Debug|Any CPU.ActiveCfg = Debug|Any CPU
		{2F2B7F37-BB2F-4C1A-B2AF-5390C65A4B24}.Debug|Any CPU.Build.0 = Debug|Any CPU
		{2F2B7F37-BB2F-4C1A-B2AF-5390C65A4B24}.Release|Any CPU.ActiveCfg = Release|Any CPU
		{2F2B7F37-BB2F-4C1A-B2AF-5390C65A4B24}.Release|Any CPU.Build.0 = Release|Any CPU
		{127E05AC-05C2-4D9F-8926-487829C7D682}.Debug|Any CPU.ActiveCfg = Debug|Any CPU
		{127E05AC-05C2-4D9F-8926-487829C7D682}.Debug|Any CPU.Build.0 = Debug|Any CPU
		{127E05AC-05C2-4D9F-8926-487829C7D682}.Release|Any CPU.ActiveCfg = Release|Any CPU
		{127E05AC-05C2-4D9F-8926-487829C7D682}.Release|Any CPU.Build.0 = Release|Any CPU
	EndGlobalSection
	GlobalSection(SolutionProperties) = preSolution
		HideSolutionNode = FALSE
	EndGlobalSection
EndGlobal
